
Microsoft Visual Studio Solution File, Format Version 12.00
# Visual Studio Version 16
VisualStudioVersion = 16.0.32126.315
MinimumVisualStudioVersion = 10.0.40219.1
Project("{8BC9CEB8-8B4A-11D0-8D11-00A0C91BC942}") = "CODE", "CODE.vcxproj", "{99067C69-C081-4933-8193-45390999309C}"
EndProject
Global
	GlobalSection(SolutionConfigurationPlatforms) = preSolution
		Debug|x64 = Debug|x64
		Debug|x86 = Debug|x86
		Release|x64 = Release|x64
		Release|x86 = Release|x86
	EndGlobalSection
	GlobalSection(ProjectConfigurationPlatforms) = postSolution
		{99067C69-C081-4933-8193-45390999309C}.Debug|x64.ActiveCfg = Debug|x64
		{99067C69-C081-4933-8193-45390999309C}.Debug|x64.Build.0 = Debug|x64
		{99067C69-C081-4933-8193-45390999309C}.Debug|x86.ActiveCfg = Debug|Win32
		{99067C69-C081-4933-8193-45390999309C}.Debug|x86.Build.0 = Debug|Win32
		{99067C69-C081-4933-8193-45390999309C}.Release|x64.ActiveCfg = Release|x64
		{99067C69-C081-4933-8193-45390999309C}.Release|x64.Build.0 = Release|x64
		{99067C69-C081-4933-8193-45390999309C}.Release|x86.ActiveCfg = Release|Win32
		{99067C69-C081-4933-8193-45390999309C}.Release|x86.Build.0 = Release|Win32
	EndGlobalSection
	GlobalSection(SolutionProperties) = preSolution
		HideSolutionNode = FALSE
	EndGlobalSection
	GlobalSection(ExtensibilityGlobals) = postSolution
		SolutionGuid = {2EE28989-98E0-4D98-8FC4-7E1EC360D4CE}
	EndGlobalSection
EndGlobal
